
Microsoft Visual Studio Solution File, Format Version 12.00
# Visual Studio Version 17
VisualStudioVersion = 17.0.31919.166
MinimumVisualStudioVersion = 10.0.40219.1
Project("{FAE04EC0-301F-11D3-BF4B-00C04F79EFBC}") = "ReserveRoomMeetingWebApp", "ReserveRoomMeetingWebApp\ReserveRoomMeetingWebApp.csproj", "{F85F3556-95E1-4DD5-A39C-8C1E5B96507A}"
EndProject
Global
	GlobalSection(SolutionConfigurationPlatforms) = preSolution
		Debug|Any CPU = Debug|Any CPU
		Release|Any CPU = Release|Any CPU
	EndGlobalSection
	GlobalSection(ProjectConfigurationPlatforms) = postSolution
		{F85F3556-95E1-4DD5-A39C-8C1E5B96507A}.Debug|Any CPU.ActiveCfg = Debug|Any CPU
		{F85F3556-95E1-4DD5-A39C-8C1E5B96507A}.Debug|Any CPU.Build.0 = Debug|Any CPU
		{F85F3556-95E1-4DD5-A39C-8C1E5B96507A}.Release|Any CPU.ActiveCfg = Release|Any CPU
		{F85F3556-95E1-4DD5-A39C-8C1E5B96507A}.Release|Any CPU.Build.0 = Release|Any CPU
	EndGlobalSection
	GlobalSection(SolutionProperties) = preSolution
		HideSolutionNode = FALSE
	EndGlobalSection
	GlobalSection(ExtensibilityGlobals) = postSolution
		SolutionGuid = {782EDBC3-E3DD-420E-A5BA-87ADA0B7072B}
	EndGlobalSection
EndGlobal
